{
  "name": "@emmetio/monaco-plugin",
  "version": "1.0.0",
  "lockfileVersion": 1,
  "requires": true,
  "dependencies": {
    "@emmetio/abbreviation": {
      "version": "2.0.2",
      "resolved": "https://registry.npmjs.org/@emmetio/abbreviation/-/abbreviation-2.0.2.tgz",
      "integrity": "sha512-kpWg6jyR1YEj/yWceruvDj/fe1BhXqA0tGH3Z2ZiPFo8SDMH4JHg6FChqon5x0CCfLf4zVswrQa0gcZ4XtdRBQ==",
      "requires": {
        "@emmetio/scanner": "^1.0.0"
      }
    },
    "@emmetio/action-utils": {
      "version": "1.2.1",
      "resolved": "https://registry.npmjs.org/@emmetio/action-utils/-/action-utils-1.2.1.tgz",
      "integrity": "sha512-lpVlbXOY7/qJLC6hk9zzERaANd7sGa7GpGaFE5UenQQOpwukleNQdAE9YsCxB9sxhV8TLE41fXkW6can3Nsgsg==",
      "requires": {
        "@emmetio/css-matcher": "^1.0.2",
        "@emmetio/html-matcher": "^1.3.0",
        "emmet": "^2.1.1"
      }
    },
    "@emmetio/css-abbreviation": {
      "version": "2.1.2",
      "resolved": "https://registry.npmjs.org/@emmetio/css-abbreviation/-/css-abbreviation-2.1.2.tgz",
      "integrity": "sha512-CvYTzJltVpLqJaCZ1Qn97LVAKsl2Uwl2fzir1EX/WuMY3xWxgc3BWRCheL6k65km6GyDrLVl6RhrrNb/pxOiAQ==",
      "requires": {
        "@emmetio/scanner": "^1.0.0"
      }
    },
    "@emmetio/css-matcher": {
      "version": "1.0.2",
      "resolved": "https://registry.npmjs.org/@emmetio/css-matcher/-/css-matcher-1.0.2.tgz",
      "integrity": "sha512-JRxwvlHYhKbF5idFGMMpbGrm6qFd6mk+n64ZyGMpD4TcEglluU4i3DVyxDUDz9DUWlDgNQ3njGnPDzXQzsJAAg==",
      "requires": {
        "@emmetio/scanner": "^1.0.0"
      }
    },
    "@emmetio/html-matcher": {
      "version": "1.3.0",
      "resolved": "https://registry.npmjs.org/@emmetio/html-matcher/-/html-matcher-1.3.0.tgz",
      "integrity": "sha512-NTbsvppE5eVyBMuyGfVu2CRrLvo7J4YHb6t9sBFLyY03WYhXET37qA4zOYUjBWFCRHO7pS1B9khERtY0f5JXPQ==",
      "requires": {
        "@emmetio/scanner": "^1.0.0"
      }
    },
    "@emmetio/scanner": {
      "version": "1.0.0",
      "resolved": "https://registry.npmjs.org/@emmetio/scanner/-/scanner-1.0.0.tgz",
      "integrity": "sha512-8HqW8EVqjnCmWXVpqAOZf+EGESdkR27odcMMMGefgKXtar00SoYNSryGv//TELI4T3QFsECo78p+0lmalk/CFA=="
    },
    "@rollup/plugin-node-resolve": {
      "version": "10.0.0",
      "resolved": "https://registry.npmjs.org/@rollup/plugin-node-resolve/-/plugin-node-resolve-10.0.0.tgz",
      "integrity": "sha512-sNijGta8fqzwA1VwUEtTvWCx2E7qC70NMsDh4ZG13byAXYigBNZMxALhKUSycBks5gupJdq0lFrKumFrRZ8H3A==",
      "dev": true,
      "requires": {
        "@rollup/pluginutils": "^3.1.0",
        "@types/resolve": "1.17.1",
        "builtin-modules": "^3.1.0",
        "deepmerge": "^4.2.2",
        "is-module": "^1.0.0",
        "resolve": "^1.17.0"
      }
    },
    "@rollup/pluginutils": {
      "version": "3.1.0",
      "resolved": "https://registry.npmjs.org/@rollup/pluginutils/-/pluginutils-3.1.0.tgz",
      "integrity": "sha512-GksZ6pr6TpIjHm8h9lSQ8pi8BE9VeubNT0OMJ3B5uZJ8pz73NPiqOtCog/x2/QzM1ENChPKxMDhiQuRHsqc+lg==",
      "dev": true,
      "requires": {
        "@types/estree": "0.0.39",
        "estree-walker": "^1.0.1",
        "picomatch": "^2.2.2"
      }
    },
    "@types/estree": {
      "version": "0.0.39",
      "resolved": "https://registry.npmjs.org/@types/estree/-/estree-0.0.39.tgz",
      "integrity": "sha512-EYNwp3bU+98cpU4lAWYYL7Zz+2gryWH1qbdDTidVd6hkiR6weksdbMadyXKXNPEkQFhXM+hVO9ZygomHXp+AIw==",
      "dev": true
    },
    "@types/node": {
      "version": "14.14.5",
      "resolved": "https://registry.npmjs.org/@types/node/-/node-14.14.5.tgz",
      "integrity": "sha512-H5Wn24s/ZOukBmDn03nnGTp18A60ny9AmCwnEcgJiTgSGsCO7k+NWP7zjCCbhlcnVCoI+co52dUAt9GMhOSULw==",
      "dev": true
    },
    "@types/resolve": {
      "version": "1.17.1",
      "resolved": "https://registry.npmjs.org/@types/resolve/-/resolve-1.17.1.tgz",
      "integrity": "sha512-yy7HuzQhj0dhGpD8RLXSZWEkLsV9ibvxvi6EiJ3bkqLAO1RGo0WbkWQiwpRlSFymTJRz0d3k5LM3kkx8ArDbLw==",
      "dev": true,
      "requires": {
        "@types/node": "*"
      }
    },
    "builtin-modules": {
      "version": "3.1.0",
      "resolved": "https://registry.npmjs.org/builtin-modules/-/builtin-modules-3.1.0.tgz",
      "integrity": "sha512-k0KL0aWZuBt2lrxrcASWDfwOLMnodeQjodT/1SxEQAXsHANgo6ZC/VEaSEHCXt7aSTZ4/4H5LKa+tBXmW7Vtvw==",
      "dev": true
    },
    "deepmerge": {
      "version": "4.2.2",
      "resolved": "https://registry.npmjs.org/deepmerge/-/deepmerge-4.2.2.tgz",
      "integrity": "sha512-FJ3UgI4gIl+PHZm53knsuSFpE+nESMr7M4v9QcgB7S63Kj/6WqMiFQJpBBYz1Pt+66bZpP3Q7Lye0Oo9MPKEdg==",
      "dev": true
    },
    "emmet": {
      "version": "2.1.6",
      "resolved": "https://registry.npmjs.org/emmet/-/emmet-2.1.6.tgz",
      "integrity": "sha512-kfJMlze+k8jpX5CUx7xPYS83DxRNXuh8rQ98rQKnnf+wfo/KD+BG6pmpnEp5a7a1DWM9xmllKuOPfC7MeRmepQ==",
      "requires": {
        "@emmetio/abbreviation": "^2.0.2",
        "@emmetio/css-abbreviation": "^2.1.2"
      }
    },
    "estree-walker": {
      "version": "1.0.1",
      "resolved": "https://registry.npmjs.org/estree-walker/-/estree-walker-1.0.1.tgz",
      "integrity": "sha512-1fMXF3YP4pZZVozF8j/ZLfvnR8NSIljt56UhbZ5PeeDmmGHpgpdwQt7ITlGvYaQukCvuBRMLEiKiYC+oeIg4cg==",
      "dev": true
    },
    "fsevents": {
      "version": "2.1.3",
      "resolved": "https://registry.npmjs.org/fsevents/-/fsevents-2.1.3.tgz",
      "integrity": "sha512-Auw9a4AxqWpa9GUfj370BMPzzyncfBABW8Mab7BGWBYDj4Isgq+cDKtx0i6u9jcX9pQDnswsaaOTgTmA5pEjuQ==",
      "dev": true,
      "optional": true
    },
    "function-bind": {
      "version": "1.1.1",
      "resolved": "https://registry.npmjs.org/function-bind/-/function-bind-1.1.1.tgz",
      "integrity": "sha512-yIovAzMX49sF8Yl58fSCWJ5svSLuaibPxXQJFLmBObTuCr0Mf1KiPopGM9NiFjiYBCbfaa2Fh6breQ6ANVTI0A==",
      "dev": true
    },
    "has": {
      "version": "1.0.3",
      "resolved": "https://registry.npmjs.org/has/-/has-1.0.3.tgz",
      "integrity": "sha512-f2dvO0VU6Oej7RkWJGrehjbzMAjFp5/VKPp5tTpWIV4JHHZK1/BxbFRtf/siA2SWTe09caDmVtYYzWEIbBS4zw==",
      "dev": true,
      "requires": {
        "function-bind": "^1.1.1"
      }
    },
    "is-core-module": {
      "version": "2.0.0",
      "resolved": "https://registry.npmjs.org/is-core-module/-/is-core-module-2.0.0.tgz",
      "integrity": "sha512-jq1AH6C8MuteOoBPwkxHafmByhL9j5q4OaPGdbuD+ZtQJVzH+i6E3BJDQcBA09k57i2Hh2yQbEG8yObZ0jdlWw==",
      "dev": true,
      "requires": {
        "has": "^1.0.3"
      }
    },
    "is-module": {
      "version": "1.0.0",
      "resolved": "https://registry.npmjs.org/is-module/-/is-module-1.0.0.tgz",
      "integrity": "sha1-Mlj7afeMFNW4FdZkM2tM/7ZEFZE=",
      "dev": true
    },
    "monaco-editor": {
      "version": "0.21.2",
      "resolved": "https://registry.npmjs.org/monaco-editor/-/monaco-editor-0.21.2.tgz",
      "integrity": "sha512-jS51RLuzMaoJpYbu7F6TPuWpnWTLD4kjRW0+AZzcryvbxrTwhNy1KC9yboyKpgMTahpUbDUsuQULoo0GV1EPqg==",
      "dev": true
    },
    "path-parse": {
      "version": "1.0.6",
      "resolved": "https://registry.npmjs.org/path-parse/-/path-parse-1.0.6.tgz",
      "integrity": "sha512-GSmOT2EbHrINBf9SR7CDELwlJ8AENk3Qn7OikK4nFYAu3Ote2+JYNVvkpAEQm3/TLNEJFD/xZJjzyxg3KBWOzw==",
      "dev": true
    },
    "picomatch": {
      "version": "2.2.2",
      "resolved": "https://registry.npmjs.org/picomatch/-/picomatch-2.2.2.tgz",
      "integrity": "sha512-q0M/9eZHzmr0AulXyPwNfZjtwZ/RBZlbN3K3CErVrk50T2ASYI7Bye0EvekFY3IP1Nt2DHu0re+V2ZHIpMkuWg==",
      "dev": true
    },
    "resolve": {
      "version": "1.18.1",
      "resolved": "https://registry.npmjs.org/resolve/-/resolve-1.18.1.tgz",
      "integrity": "sha512-lDfCPaMKfOJXjy0dPayzPdF1phampNWr3qFCjAu+rw/qbQmr5jWH5xN2hwh9QKfw9E5v4hwV7A+jrCmL8yjjqA==",
      "dev": true,
      "requires": {
        "is-core-module": "^2.0.0",
        "path-parse": "^1.0.6"
      }
    },
    "rollup": {
      "version": "2.32.1",
      "resolved": "https://registry.npmjs.org/rollup/-/rollup-2.32.1.tgz",
      "integrity": "sha512-Op2vWTpvK7t6/Qnm1TTh7VjEZZkN8RWgf0DHbkKzQBwNf748YhXbozHVefqpPp/Fuyk/PQPAnYsBxAEtlMvpUw==",
      "dev": true,
      "requires": {
        "fsevents": "~2.1.2"
      }
    },
    "tslib": {
      "version": "2.0.3",
      "resolved": "https://registry.npmjs.org/tslib/-/tslib-2.0.3.tgz",
      "integrity": "sha512-uZtkfKblCEQtZKBF6EBXVZeQNl82yqtDQdv+eck8u7tdPxjLu2/lp5/uPW+um2tpuxINHWy3GhiccY7QgEaVHQ==",
      "dev": true
    },
    "typescript": {
      "version": "4.0.5",
      "resolved": "https://registry.npmjs.org/typescript/-/typescript-4.0.5.tgz",
      "integrity": "sha512-ywmr/VrTVCmNTJ6iV2LwIrfG1P+lv6luD8sUJs+2eI9NLGigaN+nUQc13iHqisq7bra9lnmUSYqbJvegraBOPQ==",
      "dev": true
    }
  }
}
